
Microsoft Visual Studio Solution File, Format Version 12.00
# Visual Studio 15
VisualStudioVersion = 15.0.28307.757
MinimumVisualStudioVersion = 10.0.40219.1
Project("{FAE04EC0-301F-11D3-BF4B-00C04F79EFBC}") = "Simple Calculator in Cs", "Simple Calculator in Cs\Simple Calculator in Cs.csproj", "{8909AE49-CBD0-4AEC-B548-5D1A99B84938}"
EndProject
Global
	GlobalSection(SolutionConfigurationPlatforms) = preSolution
		Debug|Any CPU = Debug|Any CPU
		Release|Any CPU = Release|Any CPU
	EndGlobalSection
	GlobalSection(ProjectConfigurationPlatforms) = postSolution
		{8909AE49-CBD0-4AEC-B548-5D1A99B84938}.Debug|Any CPU.ActiveCfg = Debug|Any CPU
		{8909AE49-CBD0-4AEC-B548-5D1A99B84938}.Debug|Any CPU.Build.0 = Debug|Any CPU
		{8909AE49-CBD0-4AEC-B548-5D1A99B84938}.Release|Any CPU.ActiveCfg = Release|Any CPU
		{8909AE49-CBD0-4AEC-B548-5D1A99B84938}.Release|Any CPU.Build.0 = Release|Any CPU
	EndGlobalSection
	GlobalSection(SolutionProperties) = preSolution
		HideSolutionNode = FALSE
	EndGlobalSection
	GlobalSection(ExtensibilityGlobals) = postSolution
		SolutionGuid = {81686B9B-26BD-43B3-B4B9-DBC01FA66CE7}
	EndGlobalSection
EndGlobal
